// !$*UTF8*$!
{
	archiveVersion = 1;
	classes = {
	};
	objectVersion = 50;
	objects = {

/* Begin PBXBuildFile section */
		B513B5AD25C0343700B0141F /* SwipeToAction_15App.swift in Sources */ = {isa = PBXBuildFile; fileRef = B513B5AC25C0343700B0141F /* SwipeToAction_15App.swift */; };
		B513B5AF25C0343700B0141F /* ContentView.swift in Sources */ = {isa = PBXBuildFile; fileRef = B513B5AE25C0343700B0141F /* ContentView.swift */; };
		B513B5B125C0344000B0141F /* Assets.xcassets in Resources */ = {isa = PBXBuildFile; fileRef = B513B5B025C0344000B0141F /* Assets.xcassets */; };
		B513B5B425C0344000B0141F /* Preview Assets.xcassets in Resources */ = {isa = PBXBuildFile; fileRef = B513B5B325C0344000B0141F /* Preview Assets.xcassets */; };
		B513B5BF25C034A000B0141F /* TabBar.swift in Sources */ = {isa = PBXBuildFile; fileRef = B513B5BE25C034A000B0141F /* TabBar.swift */; };
		B513B5C325C036CD00B0141F /* TabButton.swift in Sources */ = {isa = PBXBuildFile; fileRef = B513B5C225C036CD00B0141F /* TabButton.swift */; };
		B513B5C625C03F8C00B0141F /* Home.swift in Sources */ = {isa = PBXBuildFile; fileRef = B513B5C525C03F8C00B0141F /* Home.swift */; };
/* End PBXBuildFile section */

/* Begin PBXFileReference section */
		B513B5A925C0343700B0141F /* SwipeToAction_15.app */ = {isa = PBXFileReference; explicitFileType = wrapper.application; includeInIndex = 0; path = SwipeToAction_15.app; sourceTree = BUILT_PRODUCTS_DIR; };
		B513B5AC25C0343700B0141F /* SwipeToAction_15App.swift */ = {isa = PBXFileReference; lastKnownFileType = sourcecode.swift; path = SwipeToAction_15App.swift; sourceTree = "<group>"; };
		B513B5AE25C0343700B0141F /* ContentView.swift */ = {isa = PBXFileReference; lastKnownFileType = sourcecode.swift; path = ContentView.swift; sourceTree = "<group>"; };
		B513B5B025C0344000B0141F /* Assets.xcassets */ = {isa = PBXFileReference; lastKnownFileType = folder.assetcatalog; path = Assets.xcassets; sourceTree = "<group>"; };
		B513B5B325C0344000B0141F /* Preview Assets.xcassets */ = {isa = PBXFileReference; lastKnownFileType = folder.assetcatalog; path = "Preview Assets.xcassets"; sourceTree = "<group>"; };
		B513B5B525C0344000B0141F /* Info.plist */ = {isa = PBXFileReference; lastKnownFileType = text.plist.xml; path = Info.plist; sourceTree = "<group>"; };
		B513B5BE25C034A000B0141F /* TabBar.swift */ = {isa = PBXFileReference; lastKnownFileType = sourcecode.swift; path = TabBar.swift; sourceTree = "<group>"; };
		B513B5C225C036CD00B0141F /* TabButton.swift */ = {isa = PBXFileReference; lastKnownFileType = sourcecode.swift; path = TabButton.swift; sourceTree = "<group>"; };
		B513B5C525C03F8C00B0141F /* Home.swift */ = {isa = PBXFileReference; lastKnownFileType = sourcecode.swift; path = Home.swift; sourceTree = "<group>"; };
/* End PBXFileReference section */

/* Begin PBXFrameworksBuildPhase section */
		B513B5A625C0343700B0141F /* Frameworks */ = {
			isa = PBXFrameworksBuildPhase;
			buildActionMask = 2147483647;
			files = (
			);
			runOnlyForDeploymentPostprocessing = 0;
		};
/* End PBXFrameworksBuildPhase section */

/* Begin PBXGroup section */
		B513B5A025C0343700B0141F = {
			isa = PBXGroup;
			children = (
				B513B5AB25C0343700B0141F /* SwipeToAction_15 */,
				B513B5AA25C0343700B0141F /* Products */,
			);
			sourceTree = "<group>";
		};
		B513B5AA25C0343700B0141F /* Products */ = {
			isa = PBXGroup;
			children = (
				B513B5A925C0343700B0141F /* SwipeToAction_15.app */,
			);
			name = Products;
			sourceTree = "<group>";
		};
		B513B5AB25C0343700B0141F /* SwipeToAction_15 */ = {
			isa = PBXGroup;
			children = (
				B513B5BD25C0348600B0141F /* Model */,
				B513B5BC25C0346C00B0141F /* View */,
				B513B5AC25C0343700B0141F /* SwipeToAction_15App.swift */,
				B513B5AE25C0343700B0141F /* ContentView.swift */,
				B513B5B025C0344000B0141F /* Assets.xcassets */,
				B513B5B525C0344000B0141F /* Info.plist */,
				B513B5B225C0344000B0141F /* Preview Content */,
			);
			path = SwipeToAction_15;
			sourceTree = "<group>";
		};
		B513B5B225C0344000B0141F /* Preview Content */ = {
			isa = PBXGroup;
			children = (
				B513B5B325C0344000B0141F /* Preview Assets.xcassets */,
			);
			path = "Preview Content";
			sourceTree = "<group>";
		};
		B513B5BC25C0346C00B0141F /* View */ = {
			isa = PBXGroup;
			children = (
				B513B5BE25C034A000B0141F /* TabBar.swift */,
				B513B5C225C036CD00B0141F /* TabButton.swift */,
				B513B5C525C03F8C00B0141F /* Home.swift */,
			);
			path = View;
			sourceTree = "<group>";
		};
		B513B5BD25C0348600B0141F /* Model */ = {
			isa = PBXGroup;
			children = (
			);
			path = Model;
			sourceTree = "<group>";
		};
/* End PBXGroup section */

/* Begin PBXNativeTarget section */
		B513B5A825C0343700B0141F /* SwipeToAction_15 */ = {
			isa = PBXNativeTarget;
			buildConfigurationList = B513B5B825C0344000B0141F /* Build configuration list for PBXNativeTarget "SwipeToAction_15" */;
			buildPhases = (
				B513B5A525C0343700B0141F /* Sources */,
				B513B5A625C0343700B0141F /* Frameworks */,
				B513B5A725C0343700B0141F /* Resources */,
			);
			buildRules = (
			);
			dependencies = (
			);
			name = SwipeToAction_15;
			productName = SwipeToAction_15;
			productReference = B513B5A925C0343700B0141F /* SwipeToAction_15.app */;
			productType = "com.apple.product-type.application";
		};
/* End PBXNativeTarget section */

/* Begin PBXProject section */
		B513B5A125C0343700B0141F /* Project object */ = {
			isa = PBXProject;
			attributes = {
				LastSwiftUpdateCheck = 1230;
				LastUpgradeCheck = 1230;
				TargetAttributes = {
					B513B5A825C0343700B0141F = {
						CreatedOnToolsVersion = 12.3;
					};
				};
			};
			buildConfigurationList = B513B5A425C0343700B0141F /* Build configuration list for PBXProject "SwipeToAction_15" */;
			compatibilityVersion = "Xcode 9.3";
			developmentRegion = en;
			hasScannedForEncodings = 0;
			knownRegions = (
				en,
				Base,
			);
			mainGroup = B513B5A025C0343700B0141F;
			productRefGroup = B513B5AA25C0343700B0141F /* Products */;
			projectDirPath = "";
			projectRoot = "";
			targets = (
				B513B5A825C0343700B0141F /* SwipeToAction_15 */,
			);
		};
/* End PBXProject section */

/* Begin PBXResourcesBuildPhase section */
		B513B5A725C0343700B0141F /* Resources */ = {
			isa = PBXResourcesBuildPhase;
			buildActionMask = 2147483647;
			files = (
				B513B5B425C0344000B0141F /* Preview Assets.xcassets in Resources */,
				B513B5B125C0344000B0141F /* Assets.xcassets in Resources */,
			);
			runOnlyForDeploymentPostprocessing = 0;
		};
/* End PBXResourcesBuildPhase section */

/* Begin PBXSourcesBuildPhase section */
		B513B5A525C0343700B0141F /* Sources */ = {
			isa = PBXSourcesBuildPhase;
			buildActionMask = 2147483647;
			files = (
				B513B5BF25C034A000B0141F /* TabBar.swift in Sources */,
				B513B5C325C036CD00B0141F /* TabButton.swift in Sources */,
				B513B5C625C03F8C00B0141F /* Home.swift in Sources */,
				B513B5AF25C0343700B0141F /* ContentView.swift in Sources */,
				B513B5AD25C0343700B0141F /* SwipeToAction_15App.swift in Sources */,
			);
			runOnlyForDeploymentPostprocessing = 0;
		};
/* End PBXSourcesBuildPhase section */

/* Begin XCBuildConfiguration section */
		B513B5B625C0344000B0141F /* Debug */ = {
			isa = XCBuildConfiguration;
			buildSettings = {
				ALWAYS_SEARCH_USER_PATHS = NO;
				CLANG_ANALYZER_NONNULL = YES;
				CLANG_ANALYZER_NUMBER_OBJECT_CONVERSION = YES_AGGRESSIVE;
				CLANG_CXX_LANGUAGE_STANDARD = "gnu++14";
				CLANG_CXX_LIBRARY = "libc++";
				CLANG_ENABLE_MODULES = YES;
				CLANG_ENABLE_OBJC_ARC = YES;
				CLANG_ENABLE_OBJC_WEAK = YES;
				CLANG_WARN_BLOCK_CAPTURE_AUTORELEASING = YES;
				CLANG_WARN_BOOL_CONVERSION = YES;
				CLANG_WARN_COMMA = YES;
				CLANG_WARN_CONSTANT_CONVERSION = YES;
				CLANG_WARN_DEPRECATED_OBJC_IMPLEMENTATIONS = YES;
				CLANG_WARN_DIRECT_OBJC_ISA_USAGE = YES_ERROR;
				CLANG_WARN_DOCUMENTATION_COMMENTS = YES;
				CLANG_WARN_EMPTY_BODY = YES;
				CLANG_WARN_ENUM_CONVERSION = YES;
				CLANG_WARN_INFINITE_RECURSION = YES;
				CLANG_WARN_INT_CONVERSION = YES;
				CLANG_WARN_NON_LITERAL_NULL_CONVERSION = YES;
				CLANG_WARN_OBJC_IMPLICIT_RETAIN_SELF = YES;
				CLANG_WARN_OBJC_LITERAL_CONVERSION = YES;
				CLANG_WARN_OBJC_ROOT_CLASS = YES_ERROR;
				CLANG_WARN_QUOTED_INCLUDE_IN_FRAMEWORK_HEADER = YES;
				CLANG_WARN_RANGE_LOOP_ANALYSIS = YES;
				CLANG_WARN_STRICT_PROTOTYPES = YES;
				CLANG_WARN_SUSPICIOUS_MOVE = YES;
				CLANG_WARN_UNGUARDED_AVAILABILITY = YES_AGGRESSIVE;
				CLANG_WARN_UNREACHABLE_CODE = YES;
				CLANG_WARN__DUPLICATE_METHOD_MATCH = YES;
				COPY_PHASE_STRIP = NO;
				DEBUG_INFORMATION_FORMAT = dwarf;
				ENABLE_STRICT_OBJC_MSGSEND = YES;
				ENABLE_TESTABILITY = YES;
				GCC_C_LANGUAGE_STANDARD = gnu11;
				GCC_DYNAMIC_NO_PIC = NO;
				GCC_NO_COMMON_BLOCKS = YES;
				GCC_OPTIMIZATION_LEVEL = 0;
				GCC_PREPROCESSOR_DEFINITIONS = (
					"DEBUG=1",
					"$(inherited)",
				);
				GCC_WARN_64_TO_32_BIT_CONVERSION = YES;
				GCC_WARN_ABOUT_RETURN_TYPE = YES_ERROR;
				GCC_WARN_UNDECLARED_SELECTOR = YES;
				GCC_WARN_UNINITIALIZED_AUTOS = YES_AGGRESSIVE;
				GCC_WARN_UNUSED_FUNCTION = YES;
				GCC_WARN_UNUSED_VARIABLE = YES;
				IPHONEOS_DEPLOYMENT_TARGET = 14.3;
				MTL_ENABLE_DEBUG_INFO = INCLUDE_SOURCE;
				MTL_FAST_MATH = YES;
				ONLY_ACTIVE_ARCH = YES;
				SDKROOT = iphoneos;
				SWIFT_ACTIVE_COMPILATION_CONDITIONS = DEBUG;
				SWIFT_OPTIMIZATION_LEVEL = "-Onone";
			};
			name = Debug;
		};
		B513B5B725C0344000B0141F /* Release */ = {
			isa = XCBuildConfiguration;
			buildSettings = {
				ALWAYS_SEARCH_USER_PATHS = NO;
				CLANG_ANALYZER_NONNULL = YES;
				CLANG_ANALYZER_NUMBER_OBJECT_CONVERSION = YES_AGGRESSIVE;
				CLANG_CXX_LANGUAGE_STANDARD = "gnu++14";
				CLANG_CXX_LIBRARY = "libc++";
				CLANG_ENABLE_MODULES = YES;
				CLANG_ENABLE_OBJC_ARC = YES;
				CLANG_ENABLE_OBJC_WEAK = YES;
				CLANG_WARN_BLOCK_CAPTURE_AUTORELEASING = YES;
				CLANG_WARN_BOOL_CONVERSION = YES;
				CLANG_WARN_COMMA = YES;
				CLANG_WARN_CONSTANT_CONVERSION = YES;
				CLANG_WARN_DEPRECATED_OBJC_IMPLEMENTATIONS = YES;
				CLANG_WARN_DIRECT_OBJC_ISA_USAGE = YES_ERROR;
				CLANG_WARN_DOCUMENTATION_COMMENTS = YES;
				CLANG_WARN_EMPTY_BODY = YES;
				CLANG_WARN_ENUM_CONVERSION = YES;
				CLANG_WARN_INFINITE_RECURSION = YES;
				CLANG_WARN_INT_CONVERSION = YES;
				CLANG_WARN_NON_LITERAL_NULL_CONVERSION = YES;
				CLANG_WARN_OBJC_IMPLICIT_RETAIN_SELF = YES;
				CLANG_WARN_OBJC_LITERAL_CONVERSION = YES;
				CLANG_WARN_OBJC_ROOT_CLASS = YES_ERROR;
				CLANG_WARN_QUOTED_INCLUDE_IN_FRAMEWORK_HEADER = YES;
				CLANG_WARN_RANGE_LOOP_ANALYSIS = YES;
				CLANG_WARN_STRICT_PROTOTYPES = YES;
				CLANG_WARN_SUSPICIOUS_MOVE = YES;
				CLANG_WARN_UNGUARDED_AVAILABILITY = YES_AGGRESSIVE;
				CLANG_WARN_UNREACHABLE_CODE = YES;
				CLANG_WARN__DUPLICATE_METHOD_MATCH = YES;
				COPY_PHASE_STRIP = NO;
				DEBUG_INFORMATION_FORMAT = "dwarf-with-dsym";
				ENABLE_NS_ASSERTIONS = NO;
				ENABLE_STRICT_OBJC_MSGSEND = YES;
				GCC_C_LANGUAGE_STANDARD = gnu11;
				GCC_NO_COMMON_BLOCKS = YES;
				GCC_WARN_64_TO_32_BIT_CONVERSION = YES;
				GCC_WARN_ABOUT_RETURN_TYPE = YES_ERROR;
				GCC_WARN_UNDECLARED_SELECTOR = YES;
				GCC_WARN_UNINITIALIZED_AUTOS = YES_AGGRESSIVE;
				GCC_WARN_UNUSED_FUNCTION = YES;
				GCC_WARN_UNUSED_VARIABLE = YES;
				IPHONEOS_DEPLOYMENT_TARGET = 14.3;
				MTL_ENABLE_DEBUG_INFO = NO;
				MTL_FAST_MATH = YES;
				SDKROOT = iphoneos;
				SWIFT_COMPILATION_MODE = wholemodule;
				SWIFT_OPTIMIZATION_LEVEL = "-O";
				VALIDATE_PRODUCT = YES;
			};
			name = Release;
		};
		B513B5B925C0344000B0141F /* Debug */ = {
			isa = XCBuildConfiguration;
			buildSettings = {
				ASSETCATALOG_COMPILER_APPICON_NAME = AppIcon;
				ASSETCATALOG_COMPILER_GLOBAL_ACCENT_COLOR_NAME = AccentColor;
				CODE_SIGN_STYLE = Automatic;
				DEVELOPMENT_ASSET_PATHS = "\"SwipeToAction_15/Preview Content\"";
				DEVELOPMENT_TEAM = 4YP5DUU8MU;
				ENABLE_PREVIEWS = YES;
				INFOPLIST_FILE = SwipeToAction_15/Info.plist;
				IPHONEOS_DEPLOYMENT_TARGET = 14.0;
				LD_RUNPATH_SEARCH_PATHS = (
					"$(inherited)",
					"@executable_path/Frameworks",
				);
				PRODUCT_BUNDLE_IDENTIFIER = "com.emm.SwipeToAction-15";
				PRODUCT_NAME = "$(TARGET_NAME)";
				SWIFT_VERSION = 5.0;
				TARGETED_DEVICE_FAMILY = "1,2";
			};
			name = Debug;
		};
		B513B5BA25C0344000B0141F /* Release */ = {
			isa = XCBuildConfiguration;
			buildSettings = {
				ASSETCATALOG_COMPILER_APPICON_NAME = AppIcon;
				ASSETCATALOG_COMPILER_GLOBAL_ACCENT_COLOR_NAME = AccentColor;
				CODE_SIGN_STYLE = Automatic;
				DEVELOPMENT_ASSET_PATHS = "\"SwipeToAction_15/Preview Content\"";
				DEVELOPMENT_TEAM = 4YP5DUU8MU;
				ENABLE_PREVIEWS = YES;
				INFOPLIST_FILE = SwipeToAction_15/Info.plist;
				IPHONEOS_DEPLOYMENT_TARGET = 14.0;
				LD_RUNPATH_SEARCH_PATHS = (
					"$(inherited)",
					"@executable_path/Frameworks",
				);
				PRODUCT_BUNDLE_IDENTIFIER = "com.emm.SwipeToAction-15";
				PRODUCT_NAME = "$(TARGET_NAME)";
				SWIFT_VERSION = 5.0;
				TARGETED_DEVICE_FAMILY = "1,2";
			};
			name = Release;
		};
/* End XCBuildConfiguration section */

/* Begin XCConfigurationList section */
		B513B5A425C0343700B0141F /* Build configuration list for PBXProject "SwipeToAction_15" */ = {
			isa = XCConfigurationList;
			buildConfigurations = (
				B513B5B625C0344000B0141F /* Debug */,
				B513B5B725C0344000B0141F /* Release */,
			);
			defaultConfigurationIsVisible = 0;
			defaultConfigurationName = Release;
		};
		B513B5B825C0344000B0141F /* Build configuration list for PBXNativeTarget "SwipeToAction_15" */ = {
			isa = XCConfigurationList;
			buildConfigurations = (
				B513B5B925C0344000B0141F /* Debug */,
				B513B5BA25C0344000B0141F /* Release */,
			);
			defaultConfigurationIsVisible = 0;
			defaultConfigurationName = Release;
		};
/* End XCConfigurationList section */
	};
	rootObject = B513B5A125C0343700B0141F /* Project object */;
}
